
Microsoft Visual Studio Solution File, Format Version 12.00
# TcXaeShell Solution File, Format Version 11.00
VisualStudioVersion = 15.0.33403.129
MinimumVisualStudioVersion = 10.0.40219.1
Project("{B1E792BE-AA5F-4E3C-8C82-674BF9C0715B}") = "SESPLCMain", "SESPLCMain.tsproj", "{4B9770AA-D8BA-45A5-A9AE-8227E575C83C}"
EndProject
Global
	GlobalSection(SolutionConfigurationPlatforms) = preSolution
		Debug|TwinCAT CE7 (ARMV7) = Debug|TwinCAT CE7 (ARMV7)
		Debug|TwinCAT OS (ARMT2) = Debug|TwinCAT OS (ARMT2)
		Debug|TwinCAT RT (x64) = Debug|TwinCAT RT (x64)
		Debug|TwinCAT RT (x86) = Debug|TwinCAT RT (x86)
		Release|TwinCAT CE7 (ARMV7) = Release|TwinCAT CE7 (ARMV7)
		Release|TwinCAT OS (ARMT2) = Release|TwinCAT OS (ARMT2)
		Release|TwinCAT RT (x64) = Release|TwinCAT RT (x64)
		Release|TwinCAT RT (x86) = Release|TwinCAT RT (x86)
	EndGlobalSection
	GlobalSection(ProjectConfigurationPlatforms) = postSolution
		{4B9770AA-D8BA-45A5-A9AE-8227E575C83C}.Debug|TwinCAT CE7 (ARMV7).ActiveCfg = Debug|TwinCAT CE7 (ARMV7)
		{4B9770AA-D8BA-45A5-A9AE-8227E575C83C}.Debug|TwinCAT CE7 (ARMV7).Build.0 = Debug|TwinCAT CE7 (ARMV7)
		{4B9770AA-D8BA-45A5-A9AE-8227E575C83C}.Debug|TwinCAT OS (ARMT2).ActiveCfg = Debug|TwinCAT OS (ARMT2)
		{4B9770AA-D8BA-45A5-A9AE-8227E575C83C}.Debug|TwinCAT OS (ARMT2).Build.0 = Debug|TwinCAT OS (ARMT2)
		{4B9770AA-D8BA-45A5-A9AE-8227E575C83C}.Debug|TwinCAT RT (x64).ActiveCfg = Debug|TwinCAT RT (x64)
		{4B9770AA-D8BA-45A5-A9AE-8227E575C83C}.Debug|TwinCAT RT (x64).Build.0 = Debug|TwinCAT RT (x64)
		{4B9770AA-D8BA-45A5-A9AE-8227E575C83C}.Debug|TwinCAT RT (x86).ActiveCfg = Debug|TwinCAT RT (x86)
		{4B9770AA-D8BA-45A5-A9AE-8227E575C83C}.Debug|TwinCAT RT (x86).Build.0 = Debug|TwinCAT RT (x86)
		{4B9770AA-D8BA-45A5-A9AE-8227E575C83C}.Release|TwinCAT CE7 (ARMV7).ActiveCfg = Release|TwinCAT CE7 (ARMV7)
		{4B9770AA-D8BA-45A5-A9AE-8227E575C83C}.Release|TwinCAT CE7 (ARMV7).Build.0 = Release|TwinCAT CE7 (ARMV7)
		{4B9770AA-D8BA-45A5-A9AE-8227E575C83C}.Release|TwinCAT OS (ARMT2).ActiveCfg = Release|TwinCAT OS (ARMT2)
		{4B9770AA-D8BA-45A5-A9AE-8227E575C83C}.Release|TwinCAT OS (ARMT2).Build.0 = Release|TwinCAT OS (ARMT2)
		{4B9770AA-D8BA-45A5-A9AE-8227E575C83C}.Release|TwinCAT RT (x64).ActiveCfg = Release|TwinCAT RT (x64)
		{4B9770AA-D8BA-45A5-A9AE-8227E575C83C}.Release|TwinCAT RT (x64).Build.0 = Release|TwinCAT RT (x64)
		{4B9770AA-D8BA-45A5-A9AE-8227E575C83C}.Release|TwinCAT RT (x86).ActiveCfg = Release|TwinCAT RT (x86)
		{4B9770AA-D8BA-45A5-A9AE-8227E575C83C}.Release|TwinCAT RT (x86).Build.0 = Release|TwinCAT RT (x86)
		{E071D962-D5E5-489D-9CB3-FF5BD882663B}.Debug|TwinCAT CE7 (ARMV7).ActiveCfg = Debug|TwinCAT CE7 (ARMV7)
		{E071D962-D5E5-489D-9CB3-FF5BD882663B}.Debug|TwinCAT CE7 (ARMV7).Build.0 = Debug|TwinCAT CE7 (ARMV7)
		{E071D962-D5E5-489D-9CB3-FF5BD882663B}.Debug|TwinCAT OS (ARMT2).ActiveCfg = Debug|TwinCAT OS (ARMT2)
		{E071D962-D5E5-489D-9CB3-FF5BD882663B}.Debug|TwinCAT OS (ARMT2).Build.0 = Debug|TwinCAT OS (ARMT2)
		{E071D962-D5E5-489D-9CB3-FF5BD882663B}.Debug|TwinCAT RT (x64).ActiveCfg = Debug|TwinCAT RT (x64)
		{E071D962-D5E5-489D-9CB3-FF5BD882663B}.Debug|TwinCAT RT (x64).Build.0 = Debug|TwinCAT RT (x64)
		{E071D962-D5E5-489D-9CB3-FF5BD882663B}.Debug|TwinCAT RT (x86).ActiveCfg = Debug|TwinCAT RT (x86)
		{E071D962-D5E5-489D-9CB3-FF5BD882663B}.Debug|TwinCAT RT (x86).Build.0 = Debug|TwinCAT RT (x86)
		{E071D962-D5E5-489D-9CB3-FF5BD882663B}.Release|TwinCAT CE7 (ARMV7).ActiveCfg = Release|TwinCAT CE7 (ARMV7)
		{E071D962-D5E5-489D-9CB3-FF5BD882663B}.Release|TwinCAT CE7 (ARMV7).Build.0 = Release|TwinCAT CE7 (ARMV7)
		{E071D962-D5E5-489D-9CB3-FF5BD882663B}.Release|TwinCAT OS (ARMT2).ActiveCfg = Release|TwinCAT OS (ARMT2)
		{E071D962-D5E5-489D-9CB3-FF5BD882663B}.Release|TwinCAT OS (ARMT2).Build.0 = Release|TwinCAT OS (ARMT2)
		{E071D962-D5E5-489D-9CB3-FF5BD882663B}.Release|TwinCAT RT (x64).ActiveCfg = Release|TwinCAT RT (x64)
		{E071D962-D5E5-489D-9CB3-FF5BD882663B}.Release|TwinCAT RT (x64).Build.0 = Release|TwinCAT RT (x64)
		{E071D962-D5E5-489D-9CB3-FF5BD882663B}.Release|TwinCAT RT (x86).ActiveCfg = Release|TwinCAT RT (x86)
		{E071D962-D5E5-489D-9CB3-FF5BD882663B}.Release|TwinCAT RT (x86).Build.0 = Release|TwinCAT RT (x86)
		{4D5621D0-6B94-459B-B4CC-290DF5B1AA61}.Debug|TwinCAT CE7 (ARMV7).ActiveCfg = Debug|TwinCAT CE7 (ARMV7)
		{4D5621D0-6B94-459B-B4CC-290DF5B1AA61}.Debug|TwinCAT CE7 (ARMV7).Build.0 = Debug|TwinCAT CE7 (ARMV7)
		{4D5621D0-6B94-459B-B4CC-290DF5B1AA61}.Debug|TwinCAT OS (ARMT2).ActiveCfg = Debug|TwinCAT OS (ARMT2)
		{4D5621D0-6B94-459B-B4CC-290DF5B1AA61}.Debug|TwinCAT OS (ARMT2).Build.0 = Debug|TwinCAT OS (ARMT2)
		{4D5621D0-6B94-459B-B4CC-290DF5B1AA61}.Debug|TwinCAT RT (x64).ActiveCfg = Debug|TwinCAT RT (x64)
		{4D5621D0-6B94-459B-B4CC-290DF5B1AA61}.Debug|TwinCAT RT (x64).Build.0 = Debug|TwinCAT RT (x64)
		{4D5621D0-6B94-459B-B4CC-290DF5B1AA61}.Debug|TwinCAT RT (x86).ActiveCfg = Debug|TwinCAT RT (x86)
		{4D5621D0-6B94-459B-B4CC-290DF5B1AA61}.Debug|TwinCAT RT (x86).Build.0 = Debug|TwinCAT RT (x86)
		{4D5621D0-6B94-459B-B4CC-290DF5B1AA61}.Release|TwinCAT CE7 (ARMV7).ActiveCfg = Release|TwinCAT CE7 (ARMV7)
		{4D5621D0-6B94-459B-B4CC-290DF5B1AA61}.Release|TwinCAT CE7 (ARMV7).Build.0 = Release|TwinCAT CE7 (ARMV7)
		{4D5621D0-6B94-459B-B4CC-290DF5B1AA61}.Release|TwinCAT OS (ARMT2).ActiveCfg = Release|TwinCAT OS (ARMT2)
		{4D5621D0-6B94-459B-B4CC-290DF5B1AA61}.Release|TwinCAT OS (ARMT2).Build.0 = Release|TwinCAT OS (ARMT2)
		{4D5621D0-6B94-459B-B4CC-290DF5B1AA61}.Release|TwinCAT RT (x64).ActiveCfg = Release|TwinCAT RT (x64)
		{4D5621D0-6B94-459B-B4CC-290DF5B1AA61}.Release|TwinCAT RT (x64).Build.0 = Release|TwinCAT RT (x64)
		{4D5621D0-6B94-459B-B4CC-290DF5B1AA61}.Release|TwinCAT RT (x86).ActiveCfg = Release|TwinCAT RT (x86)
		{4D5621D0-6B94-459B-B4CC-290DF5B1AA61}.Release|TwinCAT RT (x86).Build.0 = Release|TwinCAT RT (x86)
		{18BBD500-7124-4BBD-8858-94E7E7E0784A}.Debug|TwinCAT CE7 (ARMV7).ActiveCfg = Debug|TwinCAT CE7 (ARMV7)
		{18BBD500-7124-4BBD-8858-94E7E7E0784A}.Debug|TwinCAT CE7 (ARMV7).Build.0 = Debug|TwinCAT CE7 (ARMV7)
		{18BBD500-7124-4BBD-8858-94E7E7E0784A}.Debug|TwinCAT OS (ARMT2).ActiveCfg = Debug|TwinCAT OS (ARMT2)
		{18BBD500-7124-4BBD-8858-94E7E7E0784A}.Debug|TwinCAT OS (ARMT2).Build.0 = Debug|TwinCAT OS (ARMT2)
		{18BBD500-7124-4BBD-8858-94E7E7E0784A}.Debug|TwinCAT RT (x64).ActiveCfg = Debug|TwinCAT RT (x64)
		{18BBD500-7124-4BBD-8858-94E7E7E0784A}.Debug|TwinCAT RT (x64).Build.0 = Debug|TwinCAT RT (x64)
		{18BBD500-7124-4BBD-8858-94E7E7E0784A}.Debug|TwinCAT RT (x86).ActiveCfg = Debug|TwinCAT RT (x86)
		{18BBD500-7124-4BBD-8858-94E7E7E0784A}.Debug|TwinCAT RT (x86).Build.0 = Debug|TwinCAT RT (x86)
		{18BBD500-7124-4BBD-8858-94E7E7E0784A}.Release|TwinCAT CE7 (ARMV7).ActiveCfg = Release|TwinCAT CE7 (ARMV7)
		{18BBD500-7124-4BBD-8858-94E7E7E0784A}.Release|TwinCAT CE7 (ARMV7).Build.0 = Release|TwinCAT CE7 (ARMV7)
		{18BBD500-7124-4BBD-8858-94E7E7E0784A}.Release|TwinCAT OS (ARMT2).ActiveCfg = Release|TwinCAT OS (ARMT2)
		{18BBD500-7124-4BBD-8858-94E7E7E0784A}.Release|TwinCAT OS (ARMT2).Build.0 = Release|TwinCAT OS (ARMT2)
		{18BBD500-7124-4BBD-8858-94E7E7E0784A}.Release|TwinCAT RT (x64).ActiveCfg = Release|TwinCAT RT (x64)
		{18BBD500-7124-4BBD-8858-94E7E7E0784A}.Release|TwinCAT RT (x64).Build.0 = Release|TwinCAT RT (x64)
		{18BBD500-7124-4BBD-8858-94E7E7E0784A}.Release|TwinCAT RT (x86).ActiveCfg = Release|TwinCAT RT (x86)
		{18BBD500-7124-4BBD-8858-94E7E7E0784A}.Release|TwinCAT RT (x86).Build.0 = Release|TwinCAT RT (x86)
	EndGlobalSection
	GlobalSection(SolutionProperties) = preSolution
		HideSolutionNode = FALSE
	EndGlobalSection
	GlobalSection(ExtensibilityGlobals) = postSolution
		SolutionGuid = {76C34DDC-1A61-4490-BEFD-BF13C0140952}
	EndGlobalSection
EndGlobal
